
Microsoft Visual Studio Solution File, Format Version 12.00
# Visual Studio Version 17
VisualStudioVersion = 17.9.34607.119
MinimumVisualStudioVersion = 10.0.40219.1
Project("{FAE04EC0-301F-11D3-BF4B-00C04F79EFBC}") = "NT106-User", "NT106-User.csproj", "{784FCFDE-5BA4-4B81-A700-2FE0F9200F08}"
EndProject
Project("{FAE04EC0-301F-11D3-BF4B-00C04F79EFBC}") = "NT106-Admin", "..\NT106-Admin\NT106-Admin.csproj", "{59A2919B-394B-4EEF-8734-81012D21EBA3}"
EndProject
Project("{FAE04EC0-301F-11D3-BF4B-00C04F79EFBC}") = "NT106-API-Server", "..\NT106-API-Server\NT106-API-Server.csproj", "{14108F40-A51A-4AAF-BD1A-D9722F8D2E93}"
EndProject
Global
	GlobalSection(SolutionConfigurationPlatforms) = preSolution
		Debug|Any CPU = Debug|Any CPU
		Release|Any CPU = Release|Any CPU
	EndGlobalSection
	GlobalSection(ProjectConfigurationPlatforms) = postSolution
		{784FCFDE-5BA4-4B81-A700-2FE0F9200F08}.Debug|Any CPU.ActiveCfg = Debug|Any CPU
		{784FCFDE-5BA4-4B81-A700-2FE0F9200F08}.Debug|Any CPU.Build.0 = Debug|Any CPU
		{784FCFDE-5BA4-4B81-A700-2FE0F9200F08}.Release|Any CPU.ActiveCfg = Release|Any CPU
		{784FCFDE-5BA4-4B81-A700-2FE0F9200F08}.Release|Any CPU.Build.0 = Release|Any CPU
		{59A2919B-394B-4EEF-8734-81012D21EBA3}.Debug|Any CPU.ActiveCfg = Debug|Any CPU
		{59A2919B-394B-4EEF-8734-81012D21EBA3}.Debug|Any CPU.Build.0 = Debug|Any CPU
		{59A2919B-394B-4EEF-8734-81012D21EBA3}.Release|Any CPU.ActiveCfg = Release|Any CPU
		{59A2919B-394B-4EEF-8734-81012D21EBA3}.Release|Any CPU.Build.0 = Release|Any CPU
		{14108F40-A51A-4AAF-BD1A-D9722F8D2E93}.Debug|Any CPU.ActiveCfg = Debug|Any CPU
		{14108F40-A51A-4AAF-BD1A-D9722F8D2E93}.Debug|Any CPU.Build.0 = Debug|Any CPU
		{14108F40-A51A-4AAF-BD1A-D9722F8D2E93}.Release|Any CPU.ActiveCfg = Release|Any CPU
		{14108F40-A51A-4AAF-BD1A-D9722F8D2E93}.Release|Any CPU.Build.0 = Release|Any CPU
	EndGlobalSection
	GlobalSection(SolutionProperties) = preSolution
		HideSolutionNode = FALSE
	EndGlobalSection
	GlobalSection(ExtensibilityGlobals) = postSolution
		SolutionGuid = {89D96235-3E4A-46C1-9BB2-25D0CD50C81A}
	EndGlobalSection
EndGlobal
